
Microsoft Visual Studio Solution File, Format Version 12.00
# Visual Studio 15
VisualStudioVersion = 15.0.27130.2024
MinimumVisualStudioVersion = 10.0.40219.1
Project("{FAE04EC0-301F-11D3-BF4B-00C04F79EFBC}") = "SudokuSolver", "SudokuSolver\SudokuSolver.csproj", "{DED7E3B9-843C-48B0-8DA7-5EA7EE3F6BF8}"
EndProject
Project("{FAE04EC0-301F-11D3-BF4B-00C04F79EFBC}") = "SudokuSolverLib", "SudokuSolverLib\SudokuSolverLib.csproj", "{A87309C2-88D1-4636-9B1F-816F0E66523F}"
EndProject
Global
	GlobalSection(SolutionConfigurationPlatforms) = preSolution
		Debug|Any CPU = Debug|Any CPU
		Release|Any CPU = Release|Any CPU
	EndGlobalSection
	GlobalSection(ProjectConfigurationPlatforms) = postSolution
		{DED7E3B9-843C-48B0-8DA7-5EA7EE3F6BF8}.Debug|Any CPU.ActiveCfg = Debug|Any CPU
		{DED7E3B9-843C-48B0-8DA7-5EA7EE3F6BF8}.Debug|Any CPU.Build.0 = Debug|Any CPU
		{DED7E3B9-843C-48B0-8DA7-5EA7EE3F6BF8}.Release|Any CPU.ActiveCfg = Release|Any CPU
		{DED7E3B9-843C-48B0-8DA7-5EA7EE3F6BF8}.Release|Any CPU.Build.0 = Release|Any CPU
		{A87309C2-88D1-4636-9B1F-816F0E66523F}.Debug|Any CPU.ActiveCfg = Debug|Any CPU
		{A87309C2-88D1-4636-9B1F-816F0E66523F}.Debug|Any CPU.Build.0 = Debug|Any CPU
		{A87309C2-88D1-4636-9B1F-816F0E66523F}.Release|Any CPU.ActiveCfg = Release|Any CPU
		{A87309C2-88D1-4636-9B1F-816F0E66523F}.Release|Any CPU.Build.0 = Release|Any CPU
	EndGlobalSection
	GlobalSection(SolutionProperties) = preSolution
		HideSolutionNode = FALSE
	EndGlobalSection
	GlobalSection(ExtensibilityGlobals) = postSolution
		SolutionGuid = {8B056FA3-2440-4A56-B8C1-59F578199F11}
	EndGlobalSection
EndGlobal
